
Microsoft Visual Studio Solution File, Format Version 12.00
# Visual Studio Version 16
VisualStudioVersion = 16.0.31424.327
MinimumVisualStudioVersion = 10.0.40219.1
Project("{FAE04EC0-301F-11D3-BF4B-00C04F79EFBC}") = "ielts-backend", "ielts-backend\ielts-backend.csproj", "{FEADC9F7-279C-4FF0-9BA9-61DADC5F426B}"
EndProject
Global
	GlobalSection(SolutionConfigurationPlatforms) = preSolution
		Debug|Any CPU = Debug|Any CPU
		Release|Any CPU = Release|Any CPU
	EndGlobalSection
	GlobalSection(ProjectConfigurationPlatforms) = postSolution
		{FEADC9F7-279C-4FF0-9BA9-61DADC5F426B}.Debug|Any CPU.ActiveCfg = Debug|Any CPU
		{FEADC9F7-279C-4FF0-9BA9-61DADC5F426B}.Debug|Any CPU.Build.0 = Debug|Any CPU
		{FEADC9F7-279C-4FF0-9BA9-61DADC5F426B}.Release|Any CPU.ActiveCfg = Release|Any CPU
		{FEADC9F7-279C-4FF0-9BA9-61DADC5F426B}.Release|Any CPU.Build.0 = Release|Any CPU
	EndGlobalSection
	GlobalSection(SolutionProperties) = preSolution
		HideSolutionNode = FALSE
	EndGlobalSection
	GlobalSection(ExtensibilityGlobals) = postSolution
		SolutionGuid = {75F5867D-78D7-4ADA-A753-7CA123AB34F8}
	EndGlobalSection
EndGlobal
