
Microsoft Visual Studio Solution File, Format Version 12.00
# Visual Studio Version 17
VisualStudioVersion = 17.1.32210.238
MinimumVisualStudioVersion = 10.0.40219.1
Project("{FAE04EC0-301F-11D3-BF4B-00C04F79EFBC}") = "ielts", "ielts\ielts.csproj", "{EEFABEC8-DF59-4334-BA81-9B2E2F552F4B}"
EndProject
Global
	GlobalSection(SolutionConfigurationPlatforms) = preSolution
		Debug|Any CPU = Debug|Any CPU
		Release|Any CPU = Release|Any CPU
	EndGlobalSection
	GlobalSection(ProjectConfigurationPlatforms) = postSolution
		{EEFABEC8-DF59-4334-BA81-9B2E2F552F4B}.Debug|Any CPU.ActiveCfg = Debug|Any CPU
		{EEFABEC8-DF59-4334-BA81-9B2E2F552F4B}.Debug|Any CPU.Build.0 = Debug|Any CPU
		{EEFABEC8-DF59-4334-BA81-9B2E2F552F4B}.Release|Any CPU.ActiveCfg = Release|Any CPU
		{EEFABEC8-DF59-4334-BA81-9B2E2F552F4B}.Release|Any CPU.Build.0 = Release|Any CPU
	EndGlobalSection
	GlobalSection(SolutionProperties) = preSolution
		HideSolutionNode = FALSE
	EndGlobalSection
	GlobalSection(ExtensibilityGlobals) = postSolution
		SolutionGuid = {C8BC1FE3-7380-464C-9EE1-848FEC8524FE}
	EndGlobalSection
EndGlobal
